// !$*UTF8*$!
{
	archiveVersion = 1;
	classes = {
	};
	objectVersion = 45;
	objects = {

/* Begin PBXBuildFile section */
		8D11072B0486CEB800E47090 /* InfoPlist.strings in Resources */ = {isa = PBXBuildFile; fileRef = 089C165CFE840E0CC02AAC07 /* InfoPlist.strings */; };
		8D11072F0486CEB800E47090 /* Cocoa.framework in Frameworks */ = {isa = PBXBuildFile; fileRef = 1058C7A1FEA54F0111CA2CBB /* Cocoa.framework */; };
		9C4991E5105B462300CD2FB6 /* Carbon.framework in Frameworks */ = {isa = PBXBuildFile; fileRef = 9C4991E4105B462300CD2FB6 /* Carbon.framework */; };
		9C4991E9105B462300CD2FB6 /* OpenGL.framework in Frameworks */ = {isa = PBXBuildFile; fileRef = 9C4991E8105B462300CD2FB6 /* OpenGL.framework */; };
		9C4991F5105B46AC00CD2FB6 /* Cg.framework in Frameworks */ = {isa = PBXBuildFile; fileRef = 9C4991F2105B46AC00CD2FB6 /* Cg.framework */; };
		9C4991F6105B46AC00CD2FB6 /* Ogre.framework in Frameworks */ = {isa = PBXBuildFile; fileRef = 9C4991F3105B46AC00CD2FB6 /* Ogre.framework */; };
		9C49939F105B46B700CD2FB6 /* libOIS.a in Frameworks */ = {isa = PBXBuildFile; fileRef = 9C49939E105B46B700CD2FB6 /* libOIS.a */; };
		9C98EE43105B6E3F007B4280 /* IOKit.framework in Frameworks */ = {isa = PBXBuildFile; fileRef = 9C98EE42105B6E3F007B4280 /* IOKit.framework */; };
		9C98EE57105B6E94007B4280 /* Cg.framework in Copy Frameworks */ = {isa = PBXBuildFile; fileRef = 9C4991F2105B46AC00CD2FB6 /* Cg.framework */; };
		9C98EE58105B6E94007B4280 /* Ogre.framework in Copy Frameworks */ = {isa = PBXBuildFile; fileRef = 9C4991F3105B46AC00CD2FB6 /* Ogre.framework */; };
		9CB3F7B3106D8B0000C72815 /* Plugin_CgProgramManager.dylib in Frameworks */ = {isa = PBXBuildFile; fileRef = 9CB3F7B0106D8B0000C72815 /* Plugin_CgProgramManager.dylib */; };
		9CB3F7B4106D8B0100C72815 /* Plugin_OctreeSceneManager.dylib in Frameworks */ = {isa = PBXBuildFile; fileRef = 9CB3F7B1106D8B0000C72815 /* Plugin_OctreeSceneManager.dylib */; };
		9CB3F7B5106D8B0100C72815 /* RenderSystem_GL.dylib in Frameworks */ = {isa = PBXBuildFile; fileRef = 9CB3F7B2106D8B0000C72815 /* RenderSystem_GL.dylib */; };
		9CB3F7B6106D8B1400C72815 /* Plugin_CgProgramManager.dylib in Copy PlugIns */ = {isa = PBXBuildFile; fileRef = 9CB3F7B0106D8B0000C72815 /* Plugin_CgProgramManager.dylib */; };
		9CB3F7B7106D8B1400C72815 /* Plugin_OctreeSceneManager.dylib in Copy PlugIns */ = {isa = PBXBuildFile; fileRef = 9CB3F7B1106D8B0000C72815 /* Plugin_OctreeSceneManager.dylib */; };
		9CB3F7B8106D8B1400C72815 /* RenderSystem_GL.dylib in Copy PlugIns */ = {isa = PBXBuildFile; fileRef = 9CB3F7B2106D8B0000C72815 /* RenderSystem_GL.dylib */; };
		D874ED5114C1BEC600A47D38 /* Application.cpp in Sources */ = {isa = PBXBuildFile; fileRef = D874ED2A14C1BEC600A47D38 /* Application.cpp */; };
		D874ED5214C1BEC600A47D38 /* BulletTracer.cpp in Sources */ = {isa = PBXBuildFile; fileRef = D874ED2C14C1BEC600A47D38 /* BulletTracer.cpp */; };
		D874ED5414C1BEC600A47D38 /* CameraController.cpp in Sources */ = {isa = PBXBuildFile; fileRef = D874ED3014C1BEC600A47D38 /* CameraController.cpp */; };
		D874ED5514C1BEC600A47D38 /* Config.cpp in Sources */ = {isa = PBXBuildFile; fileRef = D874ED3214C1BEC600A47D38 /* Config.cpp */; };
		D874ED5714C1BEC600A47D38 /* CreateScene.cpp in Sources */ = {isa = PBXBuildFile; fileRef = D874ED3514C1BEC600A47D38 /* CreateScene.cpp */; };
		D874ED5814C1BEC600A47D38 /* CreateTerrain.cpp in Sources */ = {isa = PBXBuildFile; fileRef = D874ED3614C1BEC600A47D38 /* CreateTerrain.cpp */; };
		D874ED5914C1BEC600A47D38 /* datastruct.cpp in Sources */ = {isa = PBXBuildFile; fileRef = D874ED3714C1BEC600A47D38 /* datastruct.cpp */; };
		D874ED5B14C1BEC600A47D38 /* Execute.cpp in Sources */ = {isa = PBXBuildFile; fileRef = D874ED3D14C1BEC600A47D38 /* Execute.cpp */; };
		D874ED5C14C1BEC600A47D38 /* FrameRenderingQueued.cpp in Sources */ = {isa = PBXBuildFile; fileRef = D874ED3E14C1BEC600A47D38 /* FrameRenderingQueued.cpp */; };
		D874ED5E14C1BEC600A47D38 /* gamemachine.cc in Sources */ = {isa = PBXBuildFile; fileRef = D874ED4014C1BEC600A47D38 /* gamemachine.cc */; };
		D874ED5F14C1BEC600A47D38 /* GetSingleton.cpp in Sources */ = {isa = PBXBuildFile; fileRef = D874ED4214C1BEC600A47D38 /* GetSingleton.cpp */; };
		D874ED6014C1BEC600A47D38 /* Gorilla.cpp in Sources */ = {isa = PBXBuildFile; fileRef = D874ED4314C1BEC600A47D38 /* Gorilla.cpp */; };
		D874ED6114C1BEC600A47D38 /* InitGorilla.cpp in Sources */ = {isa = PBXBuildFile; fileRef = D874ED4514C1BEC600A47D38 /* InitGorilla.cpp */; };
		D874ED6214C1BEC600A47D38 /* items.cpp in Sources */ = {isa = PBXBuildFile; fileRef = D874ED4614C1BEC600A47D38 /* items.cpp */; };
		D874ED6314C1BEC600A47D38 /* LaserCast.cpp in Sources */ = {isa = PBXBuildFile; fileRef = D874ED4814C1BEC600A47D38 /* LaserCast.cpp */; };
		D874ED6414C1BEC600A47D38 /* OgreConsoleForGorilla.cpp in Sources */ = {isa = PBXBuildFile; fileRef = D874ED4A14C1BEC600A47D38 /* OgreConsoleForGorilla.cpp */; };
		D874ED6514C1BEC600A47D38 /* OgreMotionState.cpp in Sources */ = {isa = PBXBuildFile; fileRef = D874ED4C14C1BEC600A47D38 /* OgreMotionState.cpp */; };
		D874ED6614C1BEC600A47D38 /* Ogrish_main.cpp in Sources */ = {isa = PBXBuildFile; fileRef = D874ED4E14C1BEC600A47D38 /* Ogrish_main.cpp */; };
		D874ED6714C1BEC600A47D38 /* stdafx.cpp in Sources */ = {isa = PBXBuildFile; fileRef = D874ED4F14C1BEC600A47D38 /* stdafx.cpp */; };
		D874EDB514C1BF6A00A47D38 /* conf in Resources */ = {isa = PBXBuildFile; fileRef = D874ED6814C1BF6A00A47D38 /* conf */; };
		D874EDB614C1BF6A00A47D38 /* gorilla in Resources */ = {isa = PBXBuildFile; fileRef = D874ED7614C1BF6A00A47D38 /* gorilla */; };
		D874EDB714C1BF6A00A47D38 /* mesh in Resources */ = {isa = PBXBuildFile; fileRef = D874ED8514C1BF6A00A47D38 /* mesh */; };
		D874EDB814C1BF6A00A47D38 /* textures in Resources */ = {isa = PBXBuildFile; fileRef = D874ED8A14C1BF6A00A47D38 /* textures */; };
/* End PBXBuildFile section */

/* Begin PBXCopyFilesBuildPhase section */
		9C98F01C105B6EB3007B4280 /* Copy Frameworks */ = {
			isa = PBXCopyFilesBuildPhase;
			buildActionMask = 2147483647;
			dstPath = "";
			dstSubfolderSpec = 10;
			files = (
				9C98EE57105B6E94007B4280 /* Cg.framework in Copy Frameworks */,
				9C98EE58105B6E94007B4280 /* Ogre.framework in Copy Frameworks */,
			);
			name = "Copy Frameworks";
			runOnlyForDeploymentPostprocessing = 0;
		};
		9CB3F7A1106D859000C72815 /* Copy PlugIns */ = {
			isa = PBXCopyFilesBuildPhase;
			buildActionMask = 2147483647;
			dstPath = "";
			dstSubfolderSpec = 13;
			files = (
				9CB3F7B6106D8B1400C72815 /* Plugin_CgProgramManager.dylib in Copy PlugIns */,
				9CB3F7B7106D8B1400C72815 /* Plugin_OctreeSceneManager.dylib in Copy PlugIns */,
				9CB3F7B8106D8B1400C72815 /* RenderSystem_GL.dylib in Copy PlugIns */,
			);
			name = "Copy PlugIns";
			runOnlyForDeploymentPostprocessing = 0;
		};
/* End PBXCopyFilesBuildPhase section */

/* Begin PBXFileReference section */
		089C165DFE840E0CC02AAC07 /* English */ = {isa = PBXFileReference; fileEncoding = 4; lastKnownFileType = text.plist.strings; name = English; path = English.lproj/InfoPlist.strings; sourceTree = "<group>"; };
		1058C7A1FEA54F0111CA2CBB /* Cocoa.framework */ = {isa = PBXFileReference; lastKnownFileType = wrapper.framework; name = Cocoa.framework; path = /System/Library/Frameworks/Cocoa.framework; sourceTree = "<absolute>"; };
		256AC3F00F4B6AF500CF3369 /* Ogrish_Prefix.pch */ = {isa = PBXFileReference; fileEncoding = 4; lastKnownFileType = sourcecode.c.h; path = Ogrish_Prefix.pch; sourceTree = "<group>"; };
		29B97325FDCFA39411CA2CEA /* Foundation.framework */ = {isa = PBXFileReference; lastKnownFileType = wrapper.framework; name = Foundation.framework; path = /System/Library/Frameworks/Foundation.framework; sourceTree = "<absolute>"; };
		8D1107310486CEB800E47090 /* Ogrish-Info.plist */ = {isa = PBXFileReference; fileEncoding = 4; lastKnownFileType = text.plist.xml; path = "Ogrish-Info.plist"; sourceTree = "<group>"; };
		8D1107320486CEB800E47090 /* Ogrish.app */ = {isa = PBXFileReference; explicitFileType = wrapper.application; includeInIndex = 0; path = Ogrish.app; sourceTree = BUILT_PRODUCTS_DIR; };
		9C4991E4105B462300CD2FB6 /* Carbon.framework */ = {isa = PBXFileReference; lastKnownFileType = wrapper.framework; name = Carbon.framework; path = /System/Library/Frameworks/Carbon.framework; sourceTree = "<absolute>"; };
		9C4991E8105B462300CD2FB6 /* OpenGL.framework */ = {isa = PBXFileReference; lastKnownFileType = wrapper.framework; name = OpenGL.framework; path = /System/Library/Frameworks/OpenGL.framework; sourceTree = "<absolute>"; };
		9C4991F2105B46AC00CD2FB6 /* Cg.framework */ = {isa = PBXFileReference; lastKnownFileType = wrapper.framework; name = Cg.framework; path = /Library/Frameworks/Cg.framework; sourceTree = "<absolute>"; };
		9C4991F3105B46AC00CD2FB6 /* Ogre.framework */ = {isa = PBXFileReference; lastKnownFileType = wrapper.framework; name = Ogre.framework; path = /OgreSDK/lib/release/Ogre.framework; sourceTree = "<absolute>"; };
		9C49939E105B46B700CD2FB6 /* libOIS.a */ = {isa = PBXFileReference; lastKnownFileType = archive.ar; name = libOIS.a; path = /OgreSDK/lib/release/libOIS.a; sourceTree = "<absolute>"; };
		9C98EE42105B6E3F007B4280 /* IOKit.framework */ = {isa = PBXFileReference; lastKnownFileType = wrapper.framework; name = IOKit.framework; path = /System/Library/Frameworks/IOKit.framework; sourceTree = "<absolute>"; };
		9CB3F7B0106D8B0000C72815 /* Plugin_CgProgramManager.dylib */ = {isa = PBXFileReference; lastKnownFileType = "compiled.mach-o.dylib"; name = Plugin_CgProgramManager.dylib; path = /OgreSDK/lib/Plugin_CgProgramManager.dylib; sourceTree = "<absolute>"; };
		9CB3F7B1106D8B0000C72815 /* Plugin_OctreeSceneManager.dylib */ = {isa = PBXFileReference; lastKnownFileType = "compiled.mach-o.dylib"; name = Plugin_OctreeSceneManager.dylib; path = /OgreSDK/lib/Plugin_OctreeSceneManager.dylib; sourceTree = "<absolute>"; };
		9CB3F7B2106D8B0000C72815 /* RenderSystem_GL.dylib */ = {isa = PBXFileReference; lastKnownFileType = "compiled.mach-o.dylib"; name = RenderSystem_GL.dylib; path = /OgreSDK/lib/RenderSystem_GL.dylib; sourceTree = "<absolute>"; };
		D874ED2A14C1BEC600A47D38 /* Application.cpp */ = {isa = PBXFileReference; fileEncoding = 4; lastKnownFileType = sourcecode.cpp.cpp; path = Application.cpp; sourceTree = "<group>"; };
		D874ED2B14C1BEC600A47D38 /* Application.h */ = {isa = PBXFileReference; fileEncoding = 4; lastKnownFileType = sourcecode.c.h; path = Application.h; sourceTree = "<group>"; };
		D874ED2C14C1BEC600A47D38 /* BulletTracer.cpp */ = {isa = PBXFileReference; fileEncoding = 4; lastKnownFileType = sourcecode.cpp.cpp; path = BulletTracer.cpp; sourceTree = "<group>"; };
		D874ED2D14C1BEC600A47D38 /* BulletTracer.h */ = {isa = PBXFileReference; fileEncoding = 4; lastKnownFileType = sourcecode.c.h; path = BulletTracer.h; sourceTree = "<group>"; };
		D874ED3014C1BEC600A47D38 /* CameraController.cpp */ = {isa = PBXFileReference; fileEncoding = 4; lastKnownFileType = sourcecode.cpp.cpp; path = CameraController.cpp; sourceTree = "<group>"; };
		D874ED3114C1BEC600A47D38 /* CameraController.h */ = {isa = PBXFileReference; fileEncoding = 4; lastKnownFileType = sourcecode.c.h; path = CameraController.h; sourceTree = "<group>"; };
		D874ED3214C1BEC600A47D38 /* Config.cpp */ = {isa = PBXFileReference; fileEncoding = 4; lastKnownFileType = sourcecode.cpp.cpp; path = Config.cpp; sourceTree = "<group>"; };
		D874ED3514C1BEC600A47D38 /* CreateScene.cpp */ = {isa = PBXFileReference; fileEncoding = 4; lastKnownFileType = sourcecode.cpp.cpp; path = CreateScene.cpp; sourceTree = "<group>"; };
		D874ED3614C1BEC600A47D38 /* CreateTerrain.cpp */ = {isa = PBXFileReference; fileEncoding = 4; lastKnownFileType = sourcecode.cpp.cpp; path = CreateTerrain.cpp; sourceTree = "<group>"; };
		D874ED3714C1BEC600A47D38 /* datastruct.cpp */ = {isa = PBXFileReference; fileEncoding = 4; lastKnownFileType = sourcecode.cpp.cpp; path = datastruct.cpp; sourceTree = "<group>"; };
		D874ED3814C1BEC600A47D38 /* datastruct.h */ = {isa = PBXFileReference; fileEncoding = 4; lastKnownFileType = sourcecode.c.h; path = datastruct.h; sourceTree = "<group>"; };
		D874ED3D14C1BEC600A47D38 /* Execute.cpp */ = {isa = PBXFileReference; fileEncoding = 4; lastKnownFileType = sourcecode.cpp.cpp; path = Execute.cpp; sourceTree = "<group>"; };
		D874ED3E14C1BEC600A47D38 /* FrameRenderingQueued.cpp */ = {isa = PBXFileReference; fileEncoding = 4; lastKnownFileType = sourcecode.cpp.cpp; path = FrameRenderingQueued.cpp; sourceTree = "<group>"; };
		D874ED4014C1BEC600A47D38 /* gamemachine.cc */ = {isa = PBXFileReference; fileEncoding = 4; lastKnownFileType = sourcecode.cpp.cpp; path = gamemachine.cc; sourceTree = "<group>"; };
		D874ED4114C1BEC600A47D38 /* gamemachine.h */ = {isa = PBXFileReference; fileEncoding = 4; lastKnownFileType = sourcecode.c.h; path = gamemachine.h; sourceTree = "<group>"; };
		D874ED4214C1BEC600A47D38 /* GetSingleton.cpp */ = {isa = PBXFileReference; fileEncoding = 4; lastKnownFileType = sourcecode.cpp.cpp; path = GetSingleton.cpp; sourceTree = "<group>"; };
		D874ED4314C1BEC600A47D38 /* Gorilla.cpp */ = {isa = PBXFileReference; fileEncoding = 4; lastKnownFileType = sourcecode.cpp.cpp; path = Gorilla.cpp; sourceTree = "<group>"; };
		D874ED4414C1BEC600A47D38 /* Gorilla.h */ = {isa = PBXFileReference; fileEncoding = 4; lastKnownFileType = sourcecode.c.h; path = Gorilla.h; sourceTree = "<group>"; };
		D874ED4514C1BEC600A47D38 /* InitGorilla.cpp */ = {isa = PBXFileReference; fileEncoding = 4; lastKnownFileType = sourcecode.cpp.cpp; path = InitGorilla.cpp; sourceTree = "<group>"; };
		D874ED4614C1BEC600A47D38 /* items.cpp */ = {isa = PBXFileReference; fileEncoding = 4; lastKnownFileType = sourcecode.cpp.cpp; path = items.cpp; sourceTree = "<group>"; };
		D874ED4714C1BEC600A47D38 /* items.h */ = {isa = PBXFileReference; fileEncoding = 4; lastKnownFileType = sourcecode.c.h; path = items.h; sourceTree = "<group>"; };
		D874ED4814C1BEC600A47D38 /* LaserCast.cpp */ = {isa = PBXFileReference; fileEncoding = 4; lastKnownFileType = sourcecode.cpp.cpp; path = LaserCast.cpp; sourceTree = "<group>"; };
		D874ED4914C1BEC600A47D38 /* LaserCast.h */ = {isa = PBXFileReference; fileEncoding = 4; lastKnownFileType = sourcecode.c.h; path = LaserCast.h; sourceTree = "<group>"; };
		D874ED4A14C1BEC600A47D38 /* OgreConsoleForGorilla.cpp */ = {isa = PBXFileReference; fileEncoding = 4; lastKnownFileType = sourcecode.cpp.cpp; path = OgreConsoleForGorilla.cpp; sourceTree = "<group>"; };
		D874ED4B14C1BEC600A47D38 /* OgreConsoleForGorilla.h */ = {isa = PBXFileReference; fileEncoding = 4; lastKnownFileType = sourcecode.c.h; path = OgreConsoleForGorilla.h; sourceTree = "<group>"; };
		D874ED4C14C1BEC600A47D38 /* OgreMotionState.cpp */ = {isa = PBXFileReference; fileEncoding = 4; lastKnownFileType = sourcecode.cpp.cpp; path = OgreMotionState.cpp; sourceTree = "<group>"; };
		D874ED4D14C1BEC600A47D38 /* OgreMotionState.h */ = {isa = PBXFileReference; fileEncoding = 4; lastKnownFileType = sourcecode.c.h; path = OgreMotionState.h; sourceTree = "<group>"; };
		D874ED4E14C1BEC600A47D38 /* Ogrish_main.cpp */ = {isa = PBXFileReference; fileEncoding = 4; lastKnownFileType = sourcecode.cpp.cpp; path = Ogrish_main.cpp; sourceTree = "<group>"; };
		D874ED4F14C1BEC600A47D38 /* stdafx.cpp */ = {isa = PBXFileReference; fileEncoding = 4; lastKnownFileType = sourcecode.cpp.cpp; path = stdafx.cpp; sourceTree = "<group>"; };
		D874ED5014C1BEC600A47D38 /* stdafx.h */ = {isa = PBXFileReference; fileEncoding = 4; lastKnownFileType = sourcecode.c.h; path = stdafx.h; sourceTree = "<group>"; };
		D874ED6814C1BF6A00A47D38 /* conf */ = {isa = PBXFileReference; lastKnownFileType = folder; path = conf; sourceTree = "<group>"; };
		D874ED7614C1BF6A00A47D38 /* gorilla */ = {isa = PBXFileReference; lastKnownFileType = folder; path = gorilla; sourceTree = "<group>"; };
		D874ED8514C1BF6A00A47D38 /* mesh */ = {isa = PBXFileReference; lastKnownFileType = folder; path = mesh; sourceTree = "<group>"; };
		D874ED8A14C1BF6A00A47D38 /* textures */ = {isa = PBXFileReference; lastKnownFileType = folder; path = textures; sourceTree = "<group>"; };
/* End PBXFileReference section */

/* Begin PBXFrameworksBuildPhase section */
		8D11072E0486CEB800E47090 /* Frameworks */ = {
			isa = PBXFrameworksBuildPhase;
			buildActionMask = 2147483647;
			files = (
				8D11072F0486CEB800E47090 /* Cocoa.framework in Frameworks */,
				9C4991E5105B462300CD2FB6 /* Carbon.framework in Frameworks */,
				9C4991E9105B462300CD2FB6 /* OpenGL.framework in Frameworks */,
				9C4991F5105B46AC00CD2FB6 /* Cg.framework in Frameworks */,
				9C4991F6105B46AC00CD2FB6 /* Ogre.framework in Frameworks */,
				9C49939F105B46B700CD2FB6 /* libOIS.a in Frameworks */,
				9C98EE43105B6E3F007B4280 /* IOKit.framework in Frameworks */,
				9CB3F7B3106D8B0000C72815 /* Plugin_CgProgramManager.dylib in Frameworks */,
				9CB3F7B4106D8B0100C72815 /* Plugin_OctreeSceneManager.dylib in Frameworks */,
				9CB3F7B5106D8B0100C72815 /* RenderSystem_GL.dylib in Frameworks */,
			);
			runOnlyForDeploymentPostprocessing = 0;
		};
/* End PBXFrameworksBuildPhase section */

/* Begin PBXGroup section */
		080E96DDFE201D6D7F000001 /* Classes */ = {
			isa = PBXGroup;
			children = (
				D874ED2A14C1BEC600A47D38 /* Application.cpp */,
				D874ED2B14C1BEC600A47D38 /* Application.h */,
				D874ED2C14C1BEC600A47D38 /* BulletTracer.cpp */,
				D874ED2D14C1BEC600A47D38 /* BulletTracer.h */,
				D874ED3014C1BEC600A47D38 /* CameraController.cpp */,
				D874ED3114C1BEC600A47D38 /* CameraController.h */,
				D874ED3214C1BEC600A47D38 /* Config.cpp */,
				D874ED3514C1BEC600A47D38 /* CreateScene.cpp */,
				D874ED3614C1BEC600A47D38 /* CreateTerrain.cpp */,
				D874ED3714C1BEC600A47D38 /* datastruct.cpp */,
				D874ED3814C1BEC600A47D38 /* datastruct.h */,
				D874ED3D14C1BEC600A47D38 /* Execute.cpp */,
				D874ED3E14C1BEC600A47D38 /* FrameRenderingQueued.cpp */,
				D874ED4014C1BEC600A47D38 /* gamemachine.cc */,
				D874ED4114C1BEC600A47D38 /* gamemachine.h */,
				D874ED4214C1BEC600A47D38 /* GetSingleton.cpp */,
				D874ED4314C1BEC600A47D38 /* Gorilla.cpp */,
				D874ED4414C1BEC600A47D38 /* Gorilla.h */,
				D874ED4514C1BEC600A47D38 /* InitGorilla.cpp */,
				D874ED4614C1BEC600A47D38 /* items.cpp */,
				D874ED4714C1BEC600A47D38 /* items.h */,
				D874ED4814C1BEC600A47D38 /* LaserCast.cpp */,
				D874ED4914C1BEC600A47D38 /* LaserCast.h */,
				D874ED4A14C1BEC600A47D38 /* OgreConsoleForGorilla.cpp */,
				D874ED4B14C1BEC600A47D38 /* OgreConsoleForGorilla.h */,
				D874ED4C14C1BEC600A47D38 /* OgreMotionState.cpp */,
				D874ED4D14C1BEC600A47D38 /* OgreMotionState.h */,
				D874ED4E14C1BEC600A47D38 /* Ogrish_main.cpp */,
				D874ED4F14C1BEC600A47D38 /* stdafx.cpp */,
				D874ED5014C1BEC600A47D38 /* stdafx.h */,
			);
			name = Classes;
			sourceTree = "<group>";
		};
		1058C7A0FEA54F0111CA2CBB /* Linked Frameworks */ = {
			isa = PBXGroup;
			children = (
				9C4991F2105B46AC00CD2FB6 /* Cg.framework */,
				1058C7A1FEA54F0111CA2CBB /* Cocoa.framework */,
				9C49939E105B46B700CD2FB6 /* libOIS.a */,
				9C4991F3105B46AC00CD2FB6 /* Ogre.framework */,
			);
			name = "Linked Frameworks";
			sourceTree = "<group>";
		};
		1058C7A2FEA54F0111CA2CBB /* Other Frameworks */ = {
			isa = PBXGroup;
			children = (
				9CB3F7B0106D8B0000C72815 /* Plugin_CgProgramManager.dylib */,
				9CB3F7B1106D8B0000C72815 /* Plugin_OctreeSceneManager.dylib */,
				9CB3F7B2106D8B0000C72815 /* RenderSystem_GL.dylib */,
				9C4991E4105B462300CD2FB6 /* Carbon.framework */,
				29B97325FDCFA39411CA2CEA /* Foundation.framework */,
				9C98EE42105B6E3F007B4280 /* IOKit.framework */,
				9C4991E8105B462300CD2FB6 /* OpenGL.framework */,
			);
			name = "Other Frameworks";
			sourceTree = "<group>";
		};
		19C28FACFE9D520D11CA2CBB /* Products */ = {
			isa = PBXGroup;
			children = (
				8D1107320486CEB800E47090 /* Ogrish.app */,
			);
			name = Products;
			sourceTree = "<group>";
		};
		29B97314FDCFA39411CA2CEA /* Ogrish */ = {
			isa = PBXGroup;
			children = (
				080E96DDFE201D6D7F000001 /* Classes */,
				29B97315FDCFA39411CA2CEA /* Other Sources */,
				29B97317FDCFA39411CA2CEA /* Resources */,
				29B97323FDCFA39411CA2CEA /* Frameworks */,
				19C28FACFE9D520D11CA2CBB /* Products */,
			);
			name = Ogrish;
			sourceTree = "<group>";
		};
		29B97315FDCFA39411CA2CEA /* Other Sources */ = {
			isa = PBXGroup;
			children = (
				256AC3F00F4B6AF500CF3369 /* Ogrish_Prefix.pch */,
			);
			name = "Other Sources";
			sourceTree = "<group>";
		};
		29B97317FDCFA39411CA2CEA /* Resources */ = {
			isa = PBXGroup;
			children = (
				D874ED6814C1BF6A00A47D38 /* conf */,
				D874ED7614C1BF6A00A47D38 /* gorilla */,
				D874ED8514C1BF6A00A47D38 /* mesh */,
				D874ED8A14C1BF6A00A47D38 /* textures */,
				8D1107310486CEB800E47090 /* Ogrish-Info.plist */,
				089C165CFE840E0CC02AAC07 /* InfoPlist.strings */,
			);
			name = Resources;
			sourceTree = "<group>";
		};
		29B97323FDCFA39411CA2CEA /* Frameworks */ = {
			isa = PBXGroup;
			children = (
				1058C7A0FEA54F0111CA2CBB /* Linked Frameworks */,
				1058C7A2FEA54F0111CA2CBB /* Other Frameworks */,
			);
			name = Frameworks;
			sourceTree = "<group>";
		};
/* End PBXGroup section */

/* Begin PBXNativeTarget section */
		8D1107260486CEB800E47090 /* Ogrish */ = {
			isa = PBXNativeTarget;
			buildConfigurationList = C01FCF4A08A954540054247B /* Build configuration list for PBXNativeTarget "Ogrish" */;
			buildPhases = (
				9CE2F71D10E0739F0099B92A /* Copy media folder */,
				8D1107290486CEB800E47090 /* Resources */,
				9CB3F7A1106D859000C72815 /* Copy PlugIns */,
				9C98F01C105B6EB3007B4280 /* Copy Frameworks */,
				8D11072C0486CEB800E47090 /* Sources */,
				8D11072E0486CEB800E47090 /* Frameworks */,
			);
			buildRules = (
			);
			dependencies = (
			);
			name = Ogrish;
			productInstallPath = "$(HOME)/Applications";
			productName = Ogrish;
			productReference = 8D1107320486CEB800E47090 /* Ogrish.app */;
			productType = "com.apple.product-type.application";
		};
/* End PBXNativeTarget section */

/* Begin PBXProject section */
		29B97313FDCFA39411CA2CEA /* Project object */ = {
			isa = PBXProject;
			buildConfigurationList = C01FCF4E08A954540054247B /* Build configuration list for PBXProject "Ogrish" */;
			compatibilityVersion = "Xcode 3.1";
			developmentRegion = English;
			hasScannedForEncodings = 1;
			knownRegions = (
				English,
				Japanese,
				French,
				German,
			);
			mainGroup = 29B97314FDCFA39411CA2CEA /* Ogrish */;
			projectDirPath = "";
			projectRoot = "";
			targets = (
				8D1107260486CEB800E47090 /* Ogrish */,
			);
		};
/* End PBXProject section */

/* Begin PBXResourcesBuildPhase section */
		8D1107290486CEB800E47090 /* Resources */ = {
			isa = PBXResourcesBuildPhase;
			buildActionMask = 2147483647;
			files = (
				8D11072B0486CEB800E47090 /* InfoPlist.strings in Resources */,
				D874EDB514C1BF6A00A47D38 /* conf in Resources */,
				D874EDB614C1BF6A00A47D38 /* gorilla in Resources */,
				D874EDB714C1BF6A00A47D38 /* mesh in Resources */,
				D874EDB814C1BF6A00A47D38 /* textures in Resources */,
			);
			runOnlyForDeploymentPostprocessing = 0;
		};
/* End PBXResourcesBuildPhase section */

/* Begin PBXShellScriptBuildPhase section */
		9CE2F71D10E0739F0099B92A /* Copy media folder */ = {
			isa = PBXShellScriptBuildPhase;
			buildActionMask = 2147483647;
			files = (
			);
			inputPaths = (
			);
			name = "Copy media folder";
			outputPaths = (
			);
			runOnlyForDeploymentPostprocessing = 0;
			shellPath = /bin/sh;
			shellScript = "mkdir -p \"${PROJECT_DIR}\"/build/\"${CONFIGURATION}\"/\"${UNLOCALIZED_RESOURCES_FOLDER_PATH}/\"\n\n/Developer/Library/PrivateFrameworks/DevToolsCore.framework/Resources/pbxcp -exclude .DS_Store -exclude CVS -exclude .svn  -resolve-src-symlinks \"${PROJECT_DIR}\"/Resources/media \"${PROJECT_DIR}\"/build/\"${CONFIGURATION}\"/\"${UNLOCALIZED_RESOURCES_FOLDER_PATH}/\"";
		};
/* End PBXShellScriptBuildPhase section */

/* Begin PBXSourcesBuildPhase section */
		8D11072C0486CEB800E47090 /* Sources */ = {
			isa = PBXSourcesBuildPhase;
			buildActionMask = 2147483647;
			files = (
				D874ED5114C1BEC600A47D38 /* Application.cpp in Sources */,
				D874ED5214C1BEC600A47D38 /* BulletTracer.cpp in Sources */,
				D874ED5414C1BEC600A47D38 /* CameraController.cpp in Sources */,
				D874ED5514C1BEC600A47D38 /* Config.cpp in Sources */,
				D874ED5714C1BEC600A47D38 /* CreateScene.cpp in Sources */,
				D874ED5814C1BEC600A47D38 /* CreateTerrain.cpp in Sources */,
				D874ED5914C1BEC600A47D38 /* datastruct.cpp in Sources */,
				D874ED5B14C1BEC600A47D38 /* Execute.cpp in Sources */,
				D874ED5C14C1BEC600A47D38 /* FrameRenderingQueued.cpp in Sources */,
				D874ED5E14C1BEC600A47D38 /* gamemachine.cc in Sources */,
				D874ED5F14C1BEC600A47D38 /* GetSingleton.cpp in Sources */,
				D874ED6014C1BEC600A47D38 /* Gorilla.cpp in Sources */,
				D874ED6114C1BEC600A47D38 /* InitGorilla.cpp in Sources */,
				D874ED6214C1BEC600A47D38 /* items.cpp in Sources */,
				D874ED6314C1BEC600A47D38 /* LaserCast.cpp in Sources */,
				D874ED6414C1BEC600A47D38 /* OgreConsoleForGorilla.cpp in Sources */,
				D874ED6514C1BEC600A47D38 /* OgreMotionState.cpp in Sources */,
				D874ED6614C1BEC600A47D38 /* Ogrish_main.cpp in Sources */,
				D874ED6714C1BEC600A47D38 /* stdafx.cpp in Sources */,
			);
			runOnlyForDeploymentPostprocessing = 0;
		};
/* End PBXSourcesBuildPhase section */

/* Begin PBXVariantGroup section */
		089C165CFE840E0CC02AAC07 /* InfoPlist.strings */ = {
			isa = PBXVariantGroup;
			children = (
				089C165DFE840E0CC02AAC07 /* English */,
			);
			name = InfoPlist.strings;
			sourceTree = "<group>";
		};
/* End PBXVariantGroup section */

/* Begin XCBuildConfiguration section */
		C01FCF4B08A954540054247B /* Debug */ = {
			isa = XCBuildConfiguration;
			buildSettings = {
				ALWAYS_SEARCH_USER_PATHS = NO;
				COPY_PHASE_STRIP = NO;
				FRAMEWORK_SEARCH_PATHS = (
					"$(inherited)",
					/OgreSDK/lib/release,
					/OgreSDK/Dependencies,
				);
				GCC_DYNAMIC_NO_PIC = NO;
				GCC_ENABLE_FIX_AND_CONTINUE = YES;
				GCC_MODEL_TUNING = G5;
				GCC_OPTIMIZATION_LEVEL = 0;
				GCC_PRECOMPILE_PREFIX_HEADER = YES;
				GCC_PREFIX_HEADER = Ogrish_Prefix.pch;
				HEADER_SEARCH_PATHS = (
					/OgreSDK/lib/release/Ogre.framework/Headers,
					/OgreSDK/lib/release/Ogre.framework/Headers/OSX,
					/OgreSDK/boost_1_46_1,
					/OgreSDK/Dependencies/include,
				);
				INFOPLIST_FILE = "Ogrish-Info.plist";
				INSTALL_PATH = "$(HOME)/Applications";
				LIBRARY_SEARCH_PATHS = (
					"$(inherited)",
					/OgreSDK/Dependencies/lib/Release,
					/OgreSDK/Dependencies,
					/OgreSDK/lib,
				);
				PRODUCT_NAME = Ogrish;
			};
			name = Debug;
		};
		C01FCF4C08A954540054247B /* Release */ = {
			isa = XCBuildConfiguration;
			buildSettings = {
				ALWAYS_SEARCH_USER_PATHS = NO;
				DEBUG_INFORMATION_FORMAT = "dwarf-with-dsym";
				FRAMEWORK_SEARCH_PATHS = (
					"$(inherited)",
					/OgreSDK/lib/release,
					/OgreSDK/Dependencies,
				);
				GCC_MODEL_TUNING = G5;
				GCC_PRECOMPILE_PREFIX_HEADER = YES;
				GCC_PREFIX_HEADER = Ogrish_Prefix.pch;
				HEADER_SEARCH_PATHS = (
					/OgreSDK/lib/release/Ogre.framework/Headers,
					/OgreSDK/lib/release/Ogre.framework/Headers/OSX,
					/OgreSDK/boost_1_46_1,
					/OgreSDK/Dependencies/include,
				);
				INFOPLIST_FILE = "Ogrish-Info.plist";
				INSTALL_PATH = "$(HOME)/Applications";
				LIBRARY_SEARCH_PATHS = (
					"$(inherited)",
					/OgreSDK/Dependencies/lib/Release,
					/OgreSDK/Dependencies,
					/OgreSDK/lib,
				);
				PRODUCT_NAME = Ogrish;
			};
			name = Release;
		};
		C01FCF4F08A954540054247B /* Debug */ = {
			isa = XCBuildConfiguration;
			buildSettings = {
				ARCHS = "$(ARCHS_STANDARD_32_BIT)";
				GCC_C_LANGUAGE_STANDARD = gnu99;
				GCC_OPTIMIZATION_LEVEL = 0;
				GCC_VERSION = 4.2;
				GCC_WARN_ABOUT_RETURN_TYPE = YES;
				GCC_WARN_UNUSED_VARIABLE = YES;
				ONLY_ACTIVE_ARCH = YES;
				PREBINDING = NO;
				SDKROOT = macosx10.6;
			};
			name = Debug;
		};
		C01FCF5008A954540054247B /* Release */ = {
			isa = XCBuildConfiguration;
			buildSettings = {
				ARCHS = "$(ARCHS_STANDARD_32_BIT)";
				GCC_C_LANGUAGE_STANDARD = gnu99;
				GCC_VERSION = 4.0;
				GCC_WARN_ABOUT_RETURN_TYPE = YES;
				GCC_WARN_UNUSED_VARIABLE = YES;
				ONLY_ACTIVE_ARCH = YES;
				PREBINDING = NO;
				SDKROOT = macosx10.6;
			};
			name = Release;
		};
/* End XCBuildConfiguration section */

/* Begin XCConfigurationList section */
		C01FCF4A08A954540054247B /* Build configuration list for PBXNativeTarget "Ogrish" */ = {
			isa = XCConfigurationList;
			buildConfigurations = (
				C01FCF4B08A954540054247B /* Debug */,
				C01FCF4C08A954540054247B /* Release */,
			);
			defaultConfigurationIsVisible = 0;
			defaultConfigurationName = Release;
		};
		C01FCF4E08A954540054247B /* Build configuration list for PBXProject "Ogrish" */ = {
			isa = XCConfigurationList;
			buildConfigurations = (
				C01FCF4F08A954540054247B /* Debug */,
				C01FCF5008A954540054247B /* Release */,
			);
			defaultConfigurationIsVisible = 0;
			defaultConfigurationName = Release;
		};
/* End XCConfigurationList section */
	};
	rootObject = 29B97313FDCFA39411CA2CEA /* Project object */;
}
