
Microsoft Visual Studio Solution File, Format Version 11.00
# Visual C++ Express 2010
Project("{8BC9CEB8-8B4A-11D0-8D11-00A0C91BC942}") = "TD FMOD", "TD FMOD\TD FMOD.vcxproj", "{C7B051BF-6886-408B-B632-4D1ABE6463C1}"
EndProject
Global
	GlobalSection(SolutionConfigurationPlatforms) = preSolution
		Debug|Win32 = Debug|Win32
		Release|Win32 = Release|Win32
	EndGlobalSection
	GlobalSection(ProjectConfigurationPlatforms) = postSolution
		{C7B051BF-6886-408B-B632-4D1ABE6463C1}.Debug|Win32.ActiveCfg = Debug|Win32
		{C7B051BF-6886-408B-B632-4D1ABE6463C1}.Debug|Win32.Build.0 = Debug|Win32
		{C7B051BF-6886-408B-B632-4D1ABE6463C1}.Release|Win32.ActiveCfg = Release|Win32
		{C7B051BF-6886-408B-B632-4D1ABE6463C1}.Release|Win32.Build.0 = Release|Win32
	EndGlobalSection
	GlobalSection(SolutionProperties) = preSolution
		HideSolutionNode = FALSE
	EndGlobalSection
EndGlobal
