
Microsoft Visual Studio Solution File, Format Version 11.00
# Visual C++ Express 2010
Project("{8BC9CEB8-8B4A-11D0-8D11-00A0C91BC942}") = "TD Camera", "TD Camera\TD Camera.vcxproj", "{E07FA2B7-7FD6-4672-AB9B-77983FDA9283}"
EndProject
Global
	GlobalSection(SolutionConfigurationPlatforms) = preSolution
		Debug|Win32 = Debug|Win32
		Release|Win32 = Release|Win32
	EndGlobalSection
	GlobalSection(ProjectConfigurationPlatforms) = postSolution
		{E07FA2B7-7FD6-4672-AB9B-77983FDA9283}.Debug|Win32.ActiveCfg = Debug|Win32
		{E07FA2B7-7FD6-4672-AB9B-77983FDA9283}.Debug|Win32.Build.0 = Debug|Win32
		{E07FA2B7-7FD6-4672-AB9B-77983FDA9283}.Release|Win32.ActiveCfg = Release|Win32
		{E07FA2B7-7FD6-4672-AB9B-77983FDA9283}.Release|Win32.Build.0 = Release|Win32
	EndGlobalSection
	GlobalSection(SolutionProperties) = preSolution
		HideSolutionNode = FALSE
	EndGlobalSection
EndGlobal
