<?xml version="1.0" encoding="utf-8"?>
<Project ToolsVersion="4.0" xmlns="http://schemas.microsoft.com/developer/msbuild/2003">
  <ItemGroup>
    <Filter Include="game">
      <UniqueIdentifier>{ebdc35e0-b945-4cf2-b592-ffd0be01bf1a}</UniqueIdentifier>
    </Filter>
    <Filter Include="gorilla">
      <UniqueIdentifier>{9627990c-2baf-4d81-9c47-da3d3af04df9}</UniqueIdentifier>
    </Filter>
    <Filter Include="init">
      <UniqueIdentifier>{3eb56d8a-7ef5-4844-830e-5b42830684e1}</UniqueIdentifier>
    </Filter>
    <Filter Include="loop">
      <UniqueIdentifier>{e53685ad-3301-4e84-962c-0cadabd28b8d}</UniqueIdentifier>
    </Filter>
    <Filter Include="btogre">
      <UniqueIdentifier>{140d1716-62d8-4e75-94f3-8581dd5ac9ca}</UniqueIdentifier>
    </Filter>
    <Filter Include="conf-files">
      <UniqueIdentifier>{bf12f068-d63c-4ad8-9903-8711e43c233d}</UniqueIdentifier>
    </Filter>
    <Filter Include="misc">
      <UniqueIdentifier>{137be3f7-2403-47bb-83bc-419d92975873}</UniqueIdentifier>
    </Filter>
  </ItemGroup>
  <ItemGroup>
    <None Include="conf\jokoon.material">
      <Filter>conf-files</Filter>
    </None>
    <None Include="conf\gameconf.cfg">
      <Filter>conf-files</Filter>
    </None>
    <None Include="conf\plugins_d.cfg">
      <Filter>conf-files</Filter>
    </None>
    <None Include="conf\resources_d.cfg">
      <Filter>conf-files</Filter>
    </None>
    <None Include="conf\plugins.cfg">
      <Filter>conf-files</Filter>
    </None>
    <None Include="conf\Ogre.cfg">
      <Filter>conf-files</Filter>
    </None>
  </ItemGroup>
  <ItemGroup>
    <ClInclude Include="stdafx.h" />
    <ClInclude Include="Application.h" />
    <ClInclude Include="OgreConsoleForGorilla.h">
      <Filter>gorilla</Filter>
    </ClInclude>
    <ClInclude Include="Gorilla.h">
      <Filter>gorilla</Filter>
    </ClInclude>
    <ClInclude Include="BtOgreExtras.h">
      <Filter>btogre</Filter>
    </ClInclude>
    <ClInclude Include="BtOgreGP.h">
      <Filter>btogre</Filter>
    </ClInclude>
    <ClInclude Include="BtOgrePG.h">
      <Filter>btogre</Filter>
    </ClInclude>
    <ClInclude Include="game_datastruct.h">
      <Filter>game</Filter>
    </ClInclude>
    <ClInclude Include="game_gamemachine.h">
      <Filter>game</Filter>
    </ClInclude>
    <ClInclude Include="game_items.h">
      <Filter>game</Filter>
    </ClInclude>
    <ClInclude Include="game_ability.h">
      <Filter>game</Filter>
    </ClInclude>
    <ClInclude Include="game_character.h">
      <Filter>game</Filter>
    </ClInclude>
    <ClInclude Include="defines.h">
      <Filter>misc</Filter>
    </ClInclude>
    <ClInclude Include="fx_LaserCast.h" />
  </ItemGroup>
  <ItemGroup>
    <ClCompile Include="OgreConsoleForGorilla.cpp">
      <Filter>gorilla</Filter>
    </ClCompile>
    <ClCompile Include="Gorilla.cpp">
      <Filter>gorilla</Filter>
    </ClCompile>
    <ClCompile Include="BtOgre.cpp">
      <Filter>btogre</Filter>
    </ClCompile>
    <ClCompile Include="game_gamemachine.cc">
      <Filter>game</Filter>
    </ClCompile>
    <ClCompile Include="game_items.cpp">
      <Filter>game</Filter>
    </ClCompile>
    <ClCompile Include="game_ability.cc">
      <Filter>game</Filter>
    </ClCompile>
    <ClCompile Include="game_character.cc">
      <Filter>game</Filter>
    </ClCompile>
    <ClCompile Include="game_datastruct.cpp">
      <Filter>game</Filter>
    </ClCompile>
    <ClCompile Include="gameloop.cc">
      <Filter>loop</Filter>
    </ClCompile>
    <ClCompile Include="appli-destruct.cpp" />
    <ClCompile Include="appli-constr.cpp" />
    <ClCompile Include="load_params.cc">
      <Filter>misc</Filter>
    </ClCompile>
    <ClCompile Include="Ogrish_main.cpp">
      <Filter>misc</Filter>
    </ClCompile>
    <ClCompile Include="stdafx.cpp">
      <Filter>misc</Filter>
    </ClCompile>
    <ClCompile Include="camera.cc" />
    <ClCompile Include="go.cpp">
      <Filter>misc</Filter>
    </ClCompile>
    <ClCompile Include="inputs.cc">
      <Filter>loop</Filter>
    </ClCompile>
    <ClCompile Include="fx_LaserCast.cpp" />
    <ClCompile Include="fx_Execute.cpp" />
    <ClCompile Include="dataloading.cpp">
      <Filter>init</Filter>
    </ClCompile>
    <ClCompile Include="init.cpp">
      <Filter>init</Filter>
    </ClCompile>
    <ClCompile Include="init_gorilla.cpp">
      <Filter>gorilla</Filter>
    </ClCompile>
    <ClCompile Include="init_resources.cc">
      <Filter>init</Filter>
    </ClCompile>
  </ItemGroup>
</Project>