<?xml version="1.0" encoding="utf-8"?>
<Project ToolsVersion="4.0" xmlns="http://schemas.microsoft.com/developer/msbuild/2003">
  <ItemGroup>
    <Filter Include="game">
      <UniqueIdentifier>{ebdc35e0-b945-4cf2-b592-ffd0be01bf1a}</UniqueIdentifier>
    </Filter>
    <Filter Include="effects">
      <UniqueIdentifier>{bccf96f1-334c-4c48-a67f-6efd099bfadf}</UniqueIdentifier>
    </Filter>
    <Filter Include="func">
      <UniqueIdentifier>{3eb56d8a-7ef5-4844-830e-5b42830684e1}</UniqueIdentifier>
    </Filter>
    <Filter Include="conf">
      <UniqueIdentifier>{680eebf9-3abc-4f86-9c20-140d57c7aaa2}</UniqueIdentifier>
    </Filter>
    <Filter Include="gorilla">
      <UniqueIdentifier>{9627990c-2baf-4d81-9c47-da3d3af04df9}</UniqueIdentifier>
    </Filter>
    <Filter Include="physics">
      <UniqueIdentifier>{140d1716-62d8-4e75-94f3-8581dd5ac9ca}</UniqueIdentifier>
    </Filter>
  </ItemGroup>
  <ItemGroup>
    <None Include="conf\conf-guns.cfg">
      <Filter>conf</Filter>
    </None>
    <None Include="conf\gameconf.cfg">
      <Filter>conf</Filter>
    </None>
    <None Include="conf\Ogre.cfg">
      <Filter>conf</Filter>
    </None>
    <None Include="conf\plugins_d.cfg">
      <Filter>conf</Filter>
    </None>
    <None Include="conf\resources_d.cfg">
      <Filter>conf</Filter>
    </None>
    <None Include="conf\fucking_roadmap.txt">
      <Filter>conf</Filter>
    </None>
    <None Include="conf\jokoon.material">
      <Filter>conf</Filter>
    </None>
    <None Include="conf\crosshair.overlay">
      <Filter>conf</Filter>
    </None>
  </ItemGroup>
  <ItemGroup>
    <ClInclude Include="stdafx.h" />
    <ClInclude Include="Application.h" />
    <ClInclude Include="CameraController.h" />
    <ClInclude Include="OgreConsoleForGorilla.h">
      <Filter>gorilla</Filter>
    </ClInclude>
    <ClInclude Include="Gorilla.h">
      <Filter>gorilla</Filter>
    </ClInclude>
    <ClInclude Include="BtOgreExtras.h">
      <Filter>physics</Filter>
    </ClInclude>
    <ClInclude Include="BtOgreGP.h">
      <Filter>physics</Filter>
    </ClInclude>
    <ClInclude Include="BtOgrePG.h">
      <Filter>physics</Filter>
    </ClInclude>
    <ClInclude Include="fx_LaserCast.h">
      <Filter>effects</Filter>
    </ClInclude>
    <ClInclude Include="fx_BulletTracer.h">
      <Filter>effects</Filter>
    </ClInclude>
    <ClInclude Include="game_datastruct.h">
      <Filter>game</Filter>
    </ClInclude>
    <ClInclude Include="game_gamemachine.h">
      <Filter>game</Filter>
    </ClInclude>
    <ClInclude Include="game_items.h">
      <Filter>game</Filter>
    </ClInclude>
    <ClInclude Include="game_ability.h">
      <Filter>game</Filter>
    </ClInclude>
    <ClInclude Include="game_character.h">
      <Filter>game</Filter>
    </ClInclude>
  </ItemGroup>
  <ItemGroup>
    <ClCompile Include="Application.cpp" />
    <ClCompile Include="stdafx.cpp" />
    <ClCompile Include="CameraController.cpp" />
    <ClCompile Include="Ogrish_main.cpp" />
    <ClCompile Include="OgreConsoleForGorilla.cpp">
      <Filter>gorilla</Filter>
    </ClCompile>
    <ClCompile Include="Gorilla.cpp">
      <Filter>gorilla</Filter>
    </ClCompile>
    <ClCompile Include="Config.cpp">
      <Filter>conf</Filter>
    </ClCompile>
    <ClCompile Include="physics.cpp">
      <Filter>physics</Filter>
    </ClCompile>
    <ClCompile Include="BtOgre.cpp">
      <Filter>physics</Filter>
    </ClCompile>
    <ClCompile Include="func_GetSingleton.cpp">
      <Filter>func</Filter>
    </ClCompile>
    <ClCompile Include="func_InitGorilla.cpp">
      <Filter>func</Filter>
    </ClCompile>
    <ClCompile Include="func_initialize.cpp">
      <Filter>func</Filter>
    </ClCompile>
    <ClCompile Include="func_CreateScene.cpp">
      <Filter>func</Filter>
    </ClCompile>
    <ClCompile Include="func_CreateTerrain.cpp">
      <Filter>func</Filter>
    </ClCompile>
    <ClCompile Include="func_FrameRenderingQueued.cpp">
      <Filter>func</Filter>
    </ClCompile>
    <ClCompile Include="fx_Execute.cpp">
      <Filter>effects</Filter>
    </ClCompile>
    <ClCompile Include="fx_LaserCast.cpp">
      <Filter>effects</Filter>
    </ClCompile>
    <ClCompile Include="fx_BulletTracer.cpp">
      <Filter>effects</Filter>
    </ClCompile>
    <ClCompile Include="game_gamemachine.cc">
      <Filter>game</Filter>
    </ClCompile>
    <ClCompile Include="game_items.cpp">
      <Filter>game</Filter>
    </ClCompile>
    <ClCompile Include="game_ability.cc">
      <Filter>game</Filter>
    </ClCompile>
    <ClCompile Include="game_character.cc">
      <Filter>game</Filter>
    </ClCompile>
    <ClCompile Include="game_datastruct.cpp">
      <Filter>game</Filter>
    </ClCompile>
  </ItemGroup>
</Project>